{
  "name": "TheUnseenGleam",
  "lockfileVersion": 3,
  "requires": true,
  "packages": {
    "": {
      "dependencies": {
        "opencode-ai": "^1.3.15"
      }
    },
    "node_modules/opencode-ai": {
      "version": "1.3.15",
      "resolved": "https://registry.npmjs.org/opencode-ai/-/opencode-ai-1.3.15.tgz",
      "integrity": "sha512-My+GXzdkb4X5/B8TTnrNHsVfJdY+78mLn6JljzpJ2xTQz+OV698kbPPHKBlv6+V+Z15PxXeE3jRoPMvjM6tB4A==",
      "hasInstallScript": true,
      "license": "MIT",
      "bin": {
        "opencode": "bin/opencode"
      },
      "optionalDependencies": {
        "opencode-darwin-arm64": "1.3.15",
        "opencode-darwin-x64": "1.3.15",
        "opencode-darwin-x64-baseline": "1.3.15",
        "opencode-linux-arm64": "1.3.15",
        "opencode-linux-arm64-musl": "1.3.15",
        "opencode-linux-x64": "1.3.15",
        "opencode-linux-x64-baseline": "1.3.15",
        "opencode-linux-x64-baseline-musl": "1.3.15",
        "opencode-linux-x64-musl": "1.3.15",
        "opencode-windows-arm64": "1.3.15",
        "opencode-windows-x64": "1.3.15",
        "opencode-windows-x64-baseline": "1.3.15"
      }
    },
    "node_modules/opencode-darwin-arm64": {
      "version": "1.3.15",
      "resolved": "https://registry.npmjs.org/opencode-darwin-arm64/-/opencode-darwin-arm64-1.3.15.tgz",
      "integrity": "sha512-53UgnNqq3poXe85R0rGZg5Bnr1xNtylY+KuBfEzRyB1ID7rSlGseiAqyVhNcqoeeTt0h8m5HG4sO4GYxm2dkqA==",
      "cpu": [
        "arm64"
      ],
      "optional": true,
      "os": [
        "darwin"
      ]
    },
    "node_modules/opencode-darwin-x64": {
      "version": "1.3.15",
      "resolved": "https://registry.npmjs.org/opencode-darwin-x64/-/opencode-darwin-x64-1.3.15.tgz",
      "integrity": "sha512-d4ilTZ+Yk5cJDFFaJazN1Sh1g9JuRyw2+KBO4QCoxQao6fGR8sLv4DmHFuXjh9DDmewZS+poLGLHt+W0O5yy9Q==",
      "cpu": [
        "x64"
      ],
      "optional": true,
      "os": [
        "darwin"
      ]
    },
    "node_modules/opencode-darwin-x64-baseline": {
      "version": "1.3.15",
      "resolved": "https://registry.npmjs.org/opencode-darwin-x64-baseline/-/opencode-darwin-x64-baseline-1.3.15.tgz",
      "integrity": "sha512-fi2JHtC6rynNII9GJkAUUx0EQ5q3u1w/LZtMykZevrLauA8CvumG8siTk2zdw/kanwMxfeoHp/gia3fqK+B/Sg==",
      "cpu": [
        "x64"
      ],
      "optional": true,
      "os": [
        "darwin"
      ]
    },
    "node_modules/opencode-linux-arm64": {
      "version": "1.3.15",
      "resolved": "https://registry.npmjs.org/opencode-linux-arm64/-/opencode-linux-arm64-1.3.15.tgz",
      "integrity": "sha512-1LaCfKWY+b33PY8vGPP566PjZJF/ndKnlnjJtSDhvqYiaPfBvZTotBlDSA0jknh09N67P12x4xbIQ+4EnCBR1Q==",
      "cpu": [
        "arm64"
      ],
      "optional": true,
      "os": [
        "linux"
      ]
    },
    "node_modules/opencode-linux-arm64-musl": {
      "version": "1.3.15",
      "resolved": "https://registry.npmjs.org/opencode-linux-arm64-musl/-/opencode-linux-arm64-musl-1.3.15.tgz",
      "integrity": "sha512-ahueNio+UFTDZsOHK0fMh29oTpIKuvrNbsySFROD9Oh/P4suNojo55C+pd/QHT+8QSwz62hK2KJnY2FI+OT4eQ==",
      "cpu": [
        "arm64"
      ],
      "optional": true,
      "os": [
        "linux"
      ]
    },
    "node_modules/opencode-linux-x64": {
      "version": "1.3.15",
      "resolved": "https://registry.npmjs.org/opencode-linux-x64/-/opencode-linux-x64-1.3.15.tgz",
      "integrity": "sha512-wGAlw4+yVg/LdPqpmK29C8d1P5hC9+9U7QiSUonFAAlMEyvH3pnY6G4TuZeEbKO9gg5OK4x1fOP5mymrNAyvUg==",
      "cpu": [
        "x64"
      ],
      "optional": true,
      "os": [
        "linux"
      ]
    },
    "node_modules/opencode-linux-x64-baseline": {
      "version": "1.3.15",
      "resolved": "https://registry.npmjs.org/opencode-linux-x64-baseline/-/opencode-linux-x64-baseline-1.3.15.tgz",
      "integrity": "sha512-nd2iIlFhNKiEWnHZhR4laDeK/7s+Ee7ap9q7KGCXe2pWsVutViRpqv85kL08rwa4r4eTqG+41kfefW6/qDHVZA==",
      "cpu": [
        "x64"
      ],
      "optional": true,
      "os": [
        "linux"
      ]
    },
    "node_modules/opencode-linux-x64-baseline-musl": {
      "version": "1.3.15",
      "resolved": "https://registry.npmjs.org/opencode-linux-x64-baseline-musl/-/opencode-linux-x64-baseline-musl-1.3.15.tgz",
      "integrity": "sha512-eGXX4B/S2crWEo6yZejJJUosrUIvlLJKj/zXrGx8lX9RamVOzMmBiCNKxUtJFD/JgS6BZFORmKh1uOyjfsQ6Xg==",
      "cpu": [
        "x64"
      ],
      "optional": true,
      "os": [
        "linux"
      ]
    },
    "node_modules/opencode-linux-x64-musl": {
      "version": "1.3.15",
      "resolved": "https://registry.npmjs.org/opencode-linux-x64-musl/-/opencode-linux-x64-musl-1.3.15.tgz",
      "integrity": "sha512-3CmQSGCBgyeZfplbB3JXN4x/4bRmW1RMfl0BVGnZWYeNg2+kvOoJglLNo0bVlqaASQEd5FhYmn/KP8hCAGDZQw==",
      "cpu": [
        "x64"
      ],
      "optional": true,
      "os": [
        "linux"
      ]
    },
    "node_modules/opencode-windows-arm64": {
      "version": "1.3.15",
      "resolved": "https://registry.npmjs.org/opencode-windows-arm64/-/opencode-windows-arm64-1.3.15.tgz",
      "integrity": "sha512-d0PrI916UEj2FvmId0u55fXBGf8CdRhcIvB5z1iNCBW9sTg7KeRsc/svm78ihvKBEyzZjLc0CyaevYVOOKXvVA==",
      "cpu": [
        "arm64"
      ],
      "optional": true,
      "os": [
        "win32"
      ]
    },
    "node_modules/opencode-windows-x64": {
      "version": "1.3.15",
      "resolved": "https://registry.npmjs.org/opencode-windows-x64/-/opencode-windows-x64-1.3.15.tgz",
      "integrity": "sha512-kH1MNkjy2WH3YEqR4F+k2TTsGN9xYyp9Gko8wtMG1lwfRJkBZ/btfauiezwQijoVVikZ/YyuO3x/fZub3EYZXw==",
      "cpu": [
        "x64"
      ],
      "optional": true,
      "os": [
        "win32"
      ]
    },
    "node_modules/opencode-windows-x64-baseline": {
      "version": "1.3.15",
      "resolved": "https://registry.npmjs.org/opencode-windows-x64-baseline/-/opencode-windows-x64-baseline-1.3.15.tgz",
      "integrity": "sha512-GQphMwPiRBFgAbCHJIqCqB0dH8Axdh26RIoZJmxlzk+gGnoWNOpl8wFCazqecVKyTsLnCvshYMpPC5ydfnqFDA==",
      "cpu": [
        "x64"
      ],
      "optional": true,
      "os": [
        "win32"
      ]
    }
  }
}
